
Microsoft Visual Studio Solution File, Format Version 12.00
# Visual Studio Version 17
VisualStudioVersion = 17.0.31903.59
MinimumVisualStudioVersion = 10.0.40219.1
Project("{FAE04EC0-301F-11D3-BF4B-00C04F79EFBC}") = "MonitorSlim", "MonitorSlim\MonitorSlim.csproj", "{75509743-1E6B-465E-B814-0790F7B56C09}"
EndProject
Project("{FAE04EC0-301F-11D3-BF4B-00C04F79EFBC}") = "GhostFields.Benchmarks", "GhostFields.Benchmarks\GhostFields.Benchmarks.csproj", "{77915DA8-8AD2-4F54-9C50-AFB90EC7BC04}"
EndProject
Global
	GlobalSection(SolutionConfigurationPlatforms) = preSolution
		Debug|Any CPU = Debug|Any CPU
		Release|Any CPU = Release|Any CPU
	EndGlobalSection
	GlobalSection(ProjectConfigurationPlatforms) = postSolution
		{75509743-1E6B-465E-B814-0790F7B56C09}.Debug|Any CPU.ActiveCfg = Debug|Any CPU
		{75509743-1E6B-465E-B814-0790F7B56C09}.Debug|Any CPU.Build.0 = Debug|Any CPU
		{75509743-1E6B-465E-B814-0790F7B56C09}.Release|Any CPU.ActiveCfg = Release|Any CPU
		{75509743-1E6B-465E-B814-0790F7B56C09}.Release|Any CPU.Build.0 = Release|Any CPU
		{77915DA8-8AD2-4F54-9C50-AFB90EC7BC04}.Debug|Any CPU.ActiveCfg = Debug|Any CPU
		{77915DA8-8AD2-4F54-9C50-AFB90EC7BC04}.Debug|Any CPU.Build.0 = Debug|Any CPU
		{77915DA8-8AD2-4F54-9C50-AFB90EC7BC04}.Release|Any CPU.ActiveCfg = Release|Any CPU
		{77915DA8-8AD2-4F54-9C50-AFB90EC7BC04}.Release|Any CPU.Build.0 = Release|Any CPU
	EndGlobalSection
	GlobalSection(SolutionProperties) = preSolution
		HideSolutionNode = FALSE
	EndGlobalSection
	GlobalSection(ExtensibilityGlobals) = postSolution
		SolutionGuid = {EF92521C-1C45-4884-ABB9-6095E9A98037}
	EndGlobalSection
EndGlobal
